
Microsoft Visual Studio Solution File, Format Version 12.00
# Visual Studio 15
VisualStudioVersion = 15.0.28307.1082
MinimumVisualStudioVersion = 10.0.40219.1
Project("{8BC9CEB8-8B4A-11D0-8D11-00A0C91BC942}") = "Functions", "Functions\Functions.vcxproj", "{35349082-9297-4193-A5B5-2761681E4ABB}"
EndProject
Project("{8BC9CEB8-8B4A-11D0-8D11-00A0C91BC942}") = "Arrays", "Arrays\Arrays.vcxproj", "{2394864F-1322-4290-95E6-E7937945BDD6}"
EndProject
Global
	GlobalSection(SolutionConfigurationPlatforms) = preSolution
		Debug|x64 = Debug|x64
		Debug|x86 = Debug|x86
		Release|x64 = Release|x64
		Release|x86 = Release|x86
	EndGlobalSection
	GlobalSection(ProjectConfigurationPlatforms) = postSolution
		{35349082-9297-4193-A5B5-2761681E4ABB}.Debug|x64.ActiveCfg = Debug|x64
		{35349082-9297-4193-A5B5-2761681E4ABB}.Debug|x64.Build.0 = Debug|x64
		{35349082-9297-4193-A5B5-2761681E4ABB}.Debug|x86.ActiveCfg = Debug|Win32
		{35349082-9297-4193-A5B5-2761681E4ABB}.Debug|x86.Build.0 = Debug|Win32
		{35349082-9297-4193-A5B5-2761681E4ABB}.Release|x64.ActiveCfg = Release|x64
		{35349082-9297-4193-A5B5-2761681E4ABB}.Release|x64.Build.0 = Release|x64
		{35349082-9297-4193-A5B5-2761681E4ABB}.Release|x86.ActiveCfg = Release|Win32
		{35349082-9297-4193-A5B5-2761681E4ABB}.Release|x86.Build.0 = Release|Win32
		{2394864F-1322-4290-95E6-E7937945BDD6}.Debug|x64.ActiveCfg = Debug|x64
		{2394864F-1322-4290-95E6-E7937945BDD6}.Debug|x64.Build.0 = Debug|x64
		{2394864F-1322-4290-95E6-E7937945BDD6}.Debug|x86.ActiveCfg = Debug|Win32
		{2394864F-1322-4290-95E6-E7937945BDD6}.Debug|x86.Build.0 = Debug|Win32
		{2394864F-1322-4290-95E6-E7937945BDD6}.Release|x64.ActiveCfg = Release|x64
		{2394864F-1322-4290-95E6-E7937945BDD6}.Release|x64.Build.0 = Release|x64
		{2394864F-1322-4290-95E6-E7937945BDD6}.Release|x86.ActiveCfg = Release|Win32
		{2394864F-1322-4290-95E6-E7937945BDD6}.Release|x86.Build.0 = Release|Win32
	EndGlobalSection
	GlobalSection(SolutionProperties) = preSolution
		HideSolutionNode = FALSE
	EndGlobalSection
	GlobalSection(ExtensibilityGlobals) = postSolution
		SolutionGuid = {B8BBACB0-55EA-4EC9-A627-3C8F0264D07D}
	EndGlobalSection
EndGlobal
