
Microsoft Visual Studio Solution File, Format Version 12.00
# Visual Studio 15
VisualStudioVersion = 15.0.28307.1082
MinimumVisualStudioVersion = 10.0.40219.1
Project("{8BC9CEB8-8B4A-11D0-8D11-00A0C91BC942}") = "DataTypes", "DataTypes\DataTypes.vcxproj", "{FF784E21-57B4-4531-93BF-F6CFEE258255}"
EndProject
Project("{8BC9CEB8-8B4A-11D0-8D11-00A0C91BC942}") = "HomeWork", "HomeWork\HomeWork.vcxproj", "{51A74576-004F-4CD2-94C5-50644F43BA2F}"
EndProject
Project("{8BC9CEB8-8B4A-11D0-8D11-00A0C91BC942}") = "Elochka", "Elochka\Elochka.vcxproj", "{C1716778-B9B5-4810-86E0-AC379C677C56}"
EndProject
Project("{8BC9CEB8-8B4A-11D0-8D11-00A0C91BC942}") = "Operators", "Operators\Operators.vcxproj", "{B0FA2CCC-B41C-4770-95BB-2152A6692F7B}"
EndProject
Project("{8BC9CEB8-8B4A-11D0-8D11-00A0C91BC942}") = "DataTypesHomeWork", "DataTypesHomeWork\DataTypesHomeWork.vcxproj", "{5BE2C3B0-4920-4930-81B4-19F4A1AFD96B}"
EndProject
Global
	GlobalSection(SolutionConfigurationPlatforms) = preSolution
		Debug|x64 = Debug|x64
		Debug|x86 = Debug|x86
		Release|x64 = Release|x64
		Release|x86 = Release|x86
	EndGlobalSection
	GlobalSection(ProjectConfigurationPlatforms) = postSolution
		{FF784E21-57B4-4531-93BF-F6CFEE258255}.Debug|x64.ActiveCfg = Debug|x64
		{FF784E21-57B4-4531-93BF-F6CFEE258255}.Debug|x64.Build.0 = Debug|x64
		{FF784E21-57B4-4531-93BF-F6CFEE258255}.Debug|x86.ActiveCfg = Debug|Win32
		{FF784E21-57B4-4531-93BF-F6CFEE258255}.Debug|x86.Build.0 = Debug|Win32
		{FF784E21-57B4-4531-93BF-F6CFEE258255}.Release|x64.ActiveCfg = Release|x64
		{FF784E21-57B4-4531-93BF-F6CFEE258255}.Release|x64.Build.0 = Release|x64
		{FF784E21-57B4-4531-93BF-F6CFEE258255}.Release|x86.ActiveCfg = Release|Win32
		{FF784E21-57B4-4531-93BF-F6CFEE258255}.Release|x86.Build.0 = Release|Win32
		{51A74576-004F-4CD2-94C5-50644F43BA2F}.Debug|x64.ActiveCfg = Debug|x64
		{51A74576-004F-4CD2-94C5-50644F43BA2F}.Debug|x64.Build.0 = Debug|x64
		{51A74576-004F-4CD2-94C5-50644F43BA2F}.Debug|x86.ActiveCfg = Debug|Win32
		{51A74576-004F-4CD2-94C5-50644F43BA2F}.Debug|x86.Build.0 = Debug|Win32
		{51A74576-004F-4CD2-94C5-50644F43BA2F}.Release|x64.ActiveCfg = Release|x64
		{51A74576-004F-4CD2-94C5-50644F43BA2F}.Release|x64.Build.0 = Release|x64
		{51A74576-004F-4CD2-94C5-50644F43BA2F}.Release|x86.ActiveCfg = Release|Win32
		{51A74576-004F-4CD2-94C5-50644F43BA2F}.Release|x86.Build.0 = Release|Win32
		{C1716778-B9B5-4810-86E0-AC379C677C56}.Debug|x64.ActiveCfg = Debug|x64
		{C1716778-B9B5-4810-86E0-AC379C677C56}.Debug|x64.Build.0 = Debug|x64
		{C1716778-B9B5-4810-86E0-AC379C677C56}.Debug|x86.ActiveCfg = Debug|Win32
		{C1716778-B9B5-4810-86E0-AC379C677C56}.Debug|x86.Build.0 = Debug|Win32
		{C1716778-B9B5-4810-86E0-AC379C677C56}.Release|x64.ActiveCfg = Release|x64
		{C1716778-B9B5-4810-86E0-AC379C677C56}.Release|x64.Build.0 = Release|x64
		{C1716778-B9B5-4810-86E0-AC379C677C56}.Release|x86.ActiveCfg = Release|Win32
		{C1716778-B9B5-4810-86E0-AC379C677C56}.Release|x86.Build.0 = Release|Win32
		{B0FA2CCC-B41C-4770-95BB-2152A6692F7B}.Debug|x64.ActiveCfg = Debug|x64
		{B0FA2CCC-B41C-4770-95BB-2152A6692F7B}.Debug|x64.Build.0 = Debug|x64
		{B0FA2CCC-B41C-4770-95BB-2152A6692F7B}.Debug|x86.ActiveCfg = Debug|Win32
		{B0FA2CCC-B41C-4770-95BB-2152A6692F7B}.Debug|x86.Build.0 = Debug|Win32
		{B0FA2CCC-B41C-4770-95BB-2152A6692F7B}.Release|x64.ActiveCfg = Release|x64
		{B0FA2CCC-B41C-4770-95BB-2152A6692F7B}.Release|x64.Build.0 = Release|x64
		{B0FA2CCC-B41C-4770-95BB-2152A6692F7B}.Release|x86.ActiveCfg = Release|Win32
		{B0FA2CCC-B41C-4770-95BB-2152A6692F7B}.Release|x86.Build.0 = Release|Win32
		{5BE2C3B0-4920-4930-81B4-19F4A1AFD96B}.Debug|x64.ActiveCfg = Debug|x64
		{5BE2C3B0-4920-4930-81B4-19F4A1AFD96B}.Debug|x64.Build.0 = Debug|x64
		{5BE2C3B0-4920-4930-81B4-19F4A1AFD96B}.Debug|x86.ActiveCfg = Debug|Win32
		{5BE2C3B0-4920-4930-81B4-19F4A1AFD96B}.Debug|x86.Build.0 = Debug|Win32
		{5BE2C3B0-4920-4930-81B4-19F4A1AFD96B}.Release|x64.ActiveCfg = Release|x64
		{5BE2C3B0-4920-4930-81B4-19F4A1AFD96B}.Release|x64.Build.0 = Release|x64
		{5BE2C3B0-4920-4930-81B4-19F4A1AFD96B}.Release|x86.ActiveCfg = Release|Win32
		{5BE2C3B0-4920-4930-81B4-19F4A1AFD96B}.Release|x86.Build.0 = Release|Win32
	EndGlobalSection
	GlobalSection(SolutionProperties) = preSolution
		HideSolutionNode = FALSE
	EndGlobalSection
	GlobalSection(ExtensibilityGlobals) = postSolution
		SolutionGuid = {8F93789C-050E-49EF-859D-F80826724229}
	EndGlobalSection
EndGlobal
