
Microsoft Visual Studio Solution File, Format Version 12.00
# Visual Studio 15
VisualStudioVersion = 15.0.28307.1082
MinimumVisualStudioVersion = 10.0.40219.1
Project("{8BC9CEB8-8B4A-11D0-8D11-00A0C91BC942}") = "ControlStructures", "ControlStructures\ControlStructures.vcxproj", "{B5EE7D62-0E79-494A-9499-BAAD1C753122}"
EndProject
Project("{8BC9CEB8-8B4A-11D0-8D11-00A0C91BC942}") = "Loops", "Loops\Loops.vcxproj", "{AFD4AD69-7DB2-4ADD-9CFE-72B8CE33419B}"
EndProject
Global
	GlobalSection(SolutionConfigurationPlatforms) = preSolution
		Debug|x64 = Debug|x64
		Debug|x86 = Debug|x86
		Release|x64 = Release|x64
		Release|x86 = Release|x86
	EndGlobalSection
	GlobalSection(ProjectConfigurationPlatforms) = postSolution
		{B5EE7D62-0E79-494A-9499-BAAD1C753122}.Debug|x64.ActiveCfg = Debug|x64
		{B5EE7D62-0E79-494A-9499-BAAD1C753122}.Debug|x64.Build.0 = Debug|x64
		{B5EE7D62-0E79-494A-9499-BAAD1C753122}.Debug|x86.ActiveCfg = Debug|Win32
		{B5EE7D62-0E79-494A-9499-BAAD1C753122}.Debug|x86.Build.0 = Debug|Win32
		{B5EE7D62-0E79-494A-9499-BAAD1C753122}.Release|x64.ActiveCfg = Release|x64
		{B5EE7D62-0E79-494A-9499-BAAD1C753122}.Release|x64.Build.0 = Release|x64
		{B5EE7D62-0E79-494A-9499-BAAD1C753122}.Release|x86.ActiveCfg = Release|Win32
		{B5EE7D62-0E79-494A-9499-BAAD1C753122}.Release|x86.Build.0 = Release|Win32
		{AFD4AD69-7DB2-4ADD-9CFE-72B8CE33419B}.Debug|x64.ActiveCfg = Debug|x64
		{AFD4AD69-7DB2-4ADD-9CFE-72B8CE33419B}.Debug|x64.Build.0 = Debug|x64
		{AFD4AD69-7DB2-4ADD-9CFE-72B8CE33419B}.Debug|x86.ActiveCfg = Debug|Win32
		{AFD4AD69-7DB2-4ADD-9CFE-72B8CE33419B}.Debug|x86.Build.0 = Debug|Win32
		{AFD4AD69-7DB2-4ADD-9CFE-72B8CE33419B}.Release|x64.ActiveCfg = Release|x64
		{AFD4AD69-7DB2-4ADD-9CFE-72B8CE33419B}.Release|x64.Build.0 = Release|x64
		{AFD4AD69-7DB2-4ADD-9CFE-72B8CE33419B}.Release|x86.ActiveCfg = Release|Win32
		{AFD4AD69-7DB2-4ADD-9CFE-72B8CE33419B}.Release|x86.Build.0 = Release|Win32
	EndGlobalSection
	GlobalSection(SolutionProperties) = preSolution
		HideSolutionNode = FALSE
	EndGlobalSection
	GlobalSection(ExtensibilityGlobals) = postSolution
		SolutionGuid = {9208771D-0F58-4596-BDF9-886CA39FEE99}
	EndGlobalSection
EndGlobal
